<?xml version="1.0" encoding="UTF-8" standalone="yes" ?>
<CodeBlocks_project_file>
	<FileVersion major="1" minor="6" />
	<Project>
		<Option title="assignment2.0" />
		<Option pch_mode="2" />
		<Option compiler="gcc" />
		<Build>
			<Target title="Debug">
				<Option output="bin/Debug/assignment2" prefix_auto="1" extension_auto="1" />
				<Option object_output="obj/Debug/" />
				<Option type="1" />
				<Option compiler="gcc" />
				<Compiler>
					<Add option="-g" />
				</Compiler>
			</Target>
			<Target title="Release">
				<Option output="bin/Release/assignment2" prefix_auto="1" extension_auto="1" />
				<Option object_output="obj/Release/" />
				<Option type="1" />
				<Option compiler="gcc" />
				<Compiler>
					<Add option="-O2" />
				</Compiler>
				<Linker>
					<Add option="-s" />
				</Linker>
			</Target>
		</Build>
		<Compiler>
			<Add option="-Wall" />
			<Add option="-fexceptions" />
		</Compiler>
		<Unit filename="include/Error/InvalidMonthException.h" />
		<Unit filename="include/Error/InvalidNameException.h" />
		<Unit filename="include/Error/InvalidSSNException.h" />
		<Unit filename="include/Error/InvalidSalaryException.h" />
		<Unit filename="include/Error/InvalidYearException.h" />
		<Unit filename="include/UI/SalaryUI.h" />
		<Unit filename="include/models/Salary.h" />
		<Unit filename="include/repos/SalaryRepo.h" />
		<Unit filename="include/services/SalaryService.h" />
		<Unit filename="main.cpp" />
		<Unit filename="src/Error/InvalidMonthException.cpp" />
		<Unit filename="src/Error/InvalidNameException.cpp" />
		<Unit filename="src/Error/InvalidSSNException.cpp" />
		<Unit filename="src/Error/InvalidSalaryException.cpp" />
		<Unit filename="src/Error/InvalidYearException.cpp" />
		<Unit filename="src/UI/SalaryUI.cpp" />
		<Unit filename="src/models/Salary.cpp" />
		<Unit filename="src/repos/SalaryRepo.cpp" />
		<Unit filename="src/services/SalaryService.cpp" />
		<Extensions>
			<code_completion />
			<envvars />
			<debugger />
			<lib_finder disable_auto="1" />
		</Extensions>
	</Project>
</CodeBlocks_project_file>
